
Microsoft Visual Studio Solution File, Format Version 12.00
# Visual Studio Version 17
VisualStudioVersion = 17.1.32421.90
MinimumVisualStudioVersion = 10.0.40219.1
Project("{9A19103F-16F7-4668-BE54-9A1E7A4F7556}") = "Exercise2", "Exercise2\Exercise2.csproj", "{F9AD921E-381A-4EB9-8C9F-B5E813E75F50}"
EndProject
Project("{FAE04EC0-301F-11D3-BF4B-00C04F79EFBC}") = "MainMethods.Tests", "MainMethods.Tests\MainMethods.Tests.csproj", "{BFD11DD7-FBE3-4359-A556-197DF703A0D0}"
EndProject
Global
	GlobalSection(SolutionConfigurationPlatforms) = preSolution
		Debug|Any CPU = Debug|Any CPU
		Release|Any CPU = Release|Any CPU
	EndGlobalSection
	GlobalSection(ProjectConfigurationPlatforms) = postSolution
		{F9AD921E-381A-4EB9-8C9F-B5E813E75F50}.Debug|Any CPU.ActiveCfg = Debug|Any CPU
		{F9AD921E-381A-4EB9-8C9F-B5E813E75F50}.Debug|Any CPU.Build.0 = Debug|Any CPU
		{F9AD921E-381A-4EB9-8C9F-B5E813E75F50}.Release|Any CPU.ActiveCfg = Release|Any CPU
		{F9AD921E-381A-4EB9-8C9F-B5E813E75F50}.Release|Any CPU.Build.0 = Release|Any CPU
		{BFD11DD7-FBE3-4359-A556-197DF703A0D0}.Debug|Any CPU.ActiveCfg = Debug|Any CPU
		{BFD11DD7-FBE3-4359-A556-197DF703A0D0}.Debug|Any CPU.Build.0 = Debug|Any CPU
		{BFD11DD7-FBE3-4359-A556-197DF703A0D0}.Release|Any CPU.ActiveCfg = Release|Any CPU
		{BFD11DD7-FBE3-4359-A556-197DF703A0D0}.Release|Any CPU.Build.0 = Release|Any CPU
	EndGlobalSection
	GlobalSection(SolutionProperties) = preSolution
		HideSolutionNode = FALSE
	EndGlobalSection
	GlobalSection(ExtensibilityGlobals) = postSolution
		SolutionGuid = {BD713EF0-7447-41A3-B74F-F291818DE2EC}
	EndGlobalSection
EndGlobal
